{
  "nodes": {
    "devshell": {
      "locked": {
        "lastModified": 1640301433,
        "narHash": "sha256-eplae8ZNiEmxbOgwUn9IihaJfEUxoUilkwciRPGskYE=",
        "owner": "numtide",
        "repo": "devshell",
        "rev": "f87fb932740abe1c1b46f6edd8a36ade17881666",
        "type": "github"
      },
      "original": {
        "owner": "numtide",
        "repo": "devshell",
        "type": "github"
      }
    },
    "nixCargoIntegration": {
      "inputs": {
        "devshell": "devshell",
        "nixpkgs": [
          "nixpkgs"
        ],
        "rustOverlay": "rustOverlay"
      },
      "locked": {
        "lastModified": 1641190258,
        "narHash": "sha256-Ydb+gnEZRLqJa6DESKPYv44JF4lHh9QUUzbsp8yPCYE=",
        "owner": "yusdacra",
        "repo": "nix-cargo-integration",
        "rev": "6e49a8d5fcec031f9e0a2aa65a3f5db86cdbe0d5",
        "type": "github"
      },
      "original": {
        "owner": "yusdacra",
        "repo": "nix-cargo-integration",
        "type": "github"
      }
    },
    "nixpkgs": {
      "locked": {
        "lastModified": 1641224400,
        "narHash": "sha256-unXptp6PtSHSFVSAz+v6ZLtFDgaZZUCSjV0ie5A0qIw=",
        "owner": "NixOS",
        "repo": "nixpkgs",
        "rev": "adf7f03d3bfceaba64788e1e846191025283b60d",
        "type": "github"
      },
      "original": {
        "owner": "NixOS",
        "ref": "nixpkgs-unstable",
        "repo": "nixpkgs",
        "type": "github"
      }
    },
    "root": {
      "inputs": {
        "nixCargoIntegration": "nixCargoIntegration",
        "nixpkgs": "nixpkgs"
      }
    },
    "rustOverlay": {
      "flake": false,
      "locked": {
        "lastModified": 1641177598,
        "narHash": "sha256-ixQ72QmhIfb7bAzvLUn6GtjpoMA/N3V1PBwjZQQyc1k=",
        "owner": "oxalica",
        "repo": "rust-overlay",
        "rev": "d93e905bc0d36508590b6ec0e2e6e92d2cf8289a",
        "type": "github"
      },
      "original": {
        "owner": "oxalica",
        "repo": "rust-overlay",
        "type": "github"
      }
    }
  },
  "root": "root",
  "version": 7
}
