{
  "nodes": {
    "devshell": {
      "locked": {
        "lastModified": 1637575296,
        "narHash": "sha256-ZY8YR5u8aglZPe27+AJMnPTG6645WuavB+w0xmhTarw=",
        "owner": "numtide",
        "repo": "devshell",
        "rev": "0e56ef21ba1a717169953122c7415fa6a8cd2618",
        "type": "github"
      },
      "original": {
        "owner": "numtide",
        "repo": "devshell",
        "type": "github"
      }
    },
    "nixCargoIntegration": {
      "inputs": {
        "devshell": "devshell",
        "nixpkgs": [
          "nixpkgs"
        ],
        "rustOverlay": "rustOverlay"
      },
      "locked": {
        "lastModified": 1638511820,
        "narHash": "sha256-t7Qq4JEcXYcjYA7fst5UiMr5tJNlMD16gDU2bXpdLnE=",
        "owner": "yusdacra",
        "repo": "nix-cargo-integration",
        "rev": "92cc18d2cc5e4cb4ce4523606068c67f0e5575b5",
        "type": "github"
      },
      "original": {
        "owner": "yusdacra",
        "repo": "nix-cargo-integration",
        "type": "github"
      }
    },
    "nixpkgs": {
      "locked": {
        "lastModified": 1638432899,
        "narHash": "sha256-iZ+rgyRx3JVyylXYxSyW01liDWEn+O8cKnin6cMzOFU=",
        "owner": "NixOS",
        "repo": "nixpkgs",
        "rev": "56cbe42f1668338d05febfbb866e32f2c865609a",
        "type": "github"
      },
      "original": {
        "owner": "NixOS",
        "ref": "nixpkgs-unstable",
        "repo": "nixpkgs",
        "type": "github"
      }
    },
    "root": {
      "inputs": {
        "nixCargoIntegration": "nixCargoIntegration",
        "nixpkgs": "nixpkgs"
      }
    },
    "rustOverlay": {
      "flake": false,
      "locked": {
        "lastModified": 1638497756,
        "narHash": "sha256-zKOvMKqGp71ZBnR+hBlPcv4TwNN82COW9EF+6ygrFs8=",
        "owner": "oxalica",
        "repo": "rust-overlay",
        "rev": "783722a22ee5d762ac5c1c7b418b57b3010c827a",
        "type": "github"
      },
      "original": {
        "owner": "oxalica",
        "repo": "rust-overlay",
        "type": "github"
      }
    }
  },
  "root": "root",
  "version": 7
}
